[root]
name = "tdd-kata"
version = "0.0.1-SNAPSHOT"
dependencies = [
 "stainless 0.1.3 (git+https://github.com/Alex-Diez/stainless.git?branch=ignore_tests)",
]

[[package]]
name = "stainless"
version = "0.1.3"
source = "git+https://github.com/Alex-Diez/stainless.git?branch=ignore_tests#089d0a4b2514b08508e8a752bb94b1545146b7c0"

