[root]
name = "tdd-kata"
version = "0.0.1-SNAPSHOT"
dependencies = [
 "stainless 0.1.3 (git+https://github.com/Alex-Diez/stainless.git?branch=ignore_tests)",
]

[[package]]
name = "stainless"
version = "0.1.3"
source = "git+https://github.com/Alex-Diez/stainless.git?branch=ignore_tests#bfa5adfc329f12ae86dfa820d9e44941a9b652ea"

