[root]
name = "tdd-kata"
version = "0.0.1-SNAPSHOT"
dependencies = [
 "stainless 0.1.3 (git+https://github.com/Alex-Diez/stainless.git?branch=ignore_tests)",
]

[[package]]
name = "stainless"
version = "0.1.3"
source = "git+https://github.com/Alex-Diez/stainless.git?branch=ignore_tests#2eba49eaf4811eeb88f2790556ca61a38b52476f"

