[root]
name = "tdd-kata"
version = "0.0.1-SNAPSHOT"
dependencies = [
 "clippy 0.0.37 (registry+https://github.com/rust-lang/crates.io-index)",
 "stainless 0.1.3 (git+https://github.com/Alex-Diez/stainless.git?branch=ignore_tests)",
]

[[package]]
name = "clippy"
version = "0.0.37"
source = "registry+https://github.com/rust-lang/crates.io-index"
dependencies = [
 "semver 0.2.1 (registry+https://github.com/rust-lang/crates.io-index)",
 "unicode-normalization 0.1.2 (registry+https://github.com/rust-lang/crates.io-index)",
]

[[package]]
name = "nom"
version = "1.1.0"
source = "registry+https://github.com/rust-lang/crates.io-index"

[[package]]
name = "semver"
version = "0.2.1"
source = "registry+https://github.com/rust-lang/crates.io-index"
dependencies = [
 "nom 1.1.0 (registry+https://github.com/rust-lang/crates.io-index)",
]

[[package]]
name = "stainless"
version = "0.1.3"
source = "git+https://github.com/Alex-Diez/stainless.git?branch=ignore_tests#2eba49eaf4811eeb88f2790556ca61a38b52476f"

[[package]]
name = "unicode-normalization"
version = "0.1.2"
source = "registry+https://github.com/rust-lang/crates.io-index"

